
Microsoft Visual Studio Solution File, Format Version 9.00
# Visual Studio 2005
Project("{8BC9CEB8-8B4A-11D0-8D11-00A0C91BC942}") = "Test", "Test.vcproj", "{556E6104-D042-4927-B8E0-D35FAC8B78E0}"
EndProject
Global
	GlobalSection(SolutionConfigurationPlatforms) = preSolution
		Debug|Win32 = Debug|Win32
		Release|Win32 = Release|Win32
	EndGlobalSection
	GlobalSection(ProjectConfigurationPlatforms) = postSolution
		{556E6104-D042-4927-B8E0-D35FAC8B78E0}.Debug|Win32.ActiveCfg = Debug|Win32
		{556E6104-D042-4927-B8E0-D35FAC8B78E0}.Debug|Win32.Build.0 = Debug|Win32
		{556E6104-D042-4927-B8E0-D35FAC8B78E0}.Release|Win32.ActiveCfg = Release|Win32
		{556E6104-D042-4927-B8E0-D35FAC8B78E0}.Release|Win32.Build.0 = Release|Win32
	EndGlobalSection
	GlobalSection(SolutionProperties) = preSolution
		HideSolutionNode = FALSE
	EndGlobalSection
EndGlobal
