
Microsoft Visual Studio Solution File, Format Version 9.00
# Visual Studio 2005
Project("{8BC9CEB8-8B4A-11D0-8D11-00A0C91BC942}") = "057-01", "057-01.vcproj", "{8C8FA585-5731-4FD0-8F2C-E0185B1145F0}"
EndProject
Global
	GlobalSection(SolutionConfigurationPlatforms) = preSolution
		Debug|Win32 = Debug|Win32
		Release|Win32 = Release|Win32
	EndGlobalSection
	GlobalSection(ProjectConfigurationPlatforms) = postSolution
		{8C8FA585-5731-4FD0-8F2C-E0185B1145F0}.Debug|Win32.ActiveCfg = Debug|Win32
		{8C8FA585-5731-4FD0-8F2C-E0185B1145F0}.Debug|Win32.Build.0 = Debug|Win32
		{8C8FA585-5731-4FD0-8F2C-E0185B1145F0}.Release|Win32.ActiveCfg = Release|Win32
		{8C8FA585-5731-4FD0-8F2C-E0185B1145F0}.Release|Win32.Build.0 = Release|Win32
	EndGlobalSection
	GlobalSection(SolutionProperties) = preSolution
		HideSolutionNode = FALSE
	EndGlobalSection
EndGlobal
