
Microsoft Visual Studio Solution File, Format Version 9.00
# Visual Studio 2005
Project("{8BC9CEB8-8B4A-11D0-8D11-00A0C91BC942}") = "1", "1.vcproj", "{B3774EE8-6FA6-4267-8257-8A7AA1B4602B}"
EndProject
Global
	GlobalSection(SolutionConfigurationPlatforms) = preSolution
		Debug|Win32 = Debug|Win32
		Release|Win32 = Release|Win32
	EndGlobalSection
	GlobalSection(ProjectConfigurationPlatforms) = postSolution
		{B3774EE8-6FA6-4267-8257-8A7AA1B4602B}.Debug|Win32.ActiveCfg = Debug|Win32
		{B3774EE8-6FA6-4267-8257-8A7AA1B4602B}.Debug|Win32.Build.0 = Debug|Win32
		{B3774EE8-6FA6-4267-8257-8A7AA1B4602B}.Release|Win32.ActiveCfg = Release|Win32
		{B3774EE8-6FA6-4267-8257-8A7AA1B4602B}.Release|Win32.Build.0 = Release|Win32
	EndGlobalSection
	GlobalSection(SolutionProperties) = preSolution
		HideSolutionNode = FALSE
	EndGlobalSection
EndGlobal
