
Microsoft Visual Studio Solution File, Format Version 12.00
# Visual Studio 2012
Project("{8BC9CEB8-8B4A-11D0-8D11-00A0C91BC942}") = "C++11", "C++11\C++11.vcxproj", "{CC55684C-F28D-4E8E-B4AC-13F753454B85}"
EndProject
Global
	GlobalSection(SolutionConfigurationPlatforms) = preSolution
		Debug|Win32 = Debug|Win32
		Release|Win32 = Release|Win32
	EndGlobalSection
	GlobalSection(ProjectConfigurationPlatforms) = postSolution
		{CC55684C-F28D-4E8E-B4AC-13F753454B85}.Debug|Win32.ActiveCfg = Debug|Win32
		{CC55684C-F28D-4E8E-B4AC-13F753454B85}.Debug|Win32.Build.0 = Debug|Win32
		{CC55684C-F28D-4E8E-B4AC-13F753454B85}.Release|Win32.ActiveCfg = Release|Win32
		{CC55684C-F28D-4E8E-B4AC-13F753454B85}.Release|Win32.Build.0 = Release|Win32
	EndGlobalSection
	GlobalSection(SolutionProperties) = preSolution
		HideSolutionNode = FALSE
	EndGlobalSection
EndGlobal
