<?xml version="1.0" encoding="utf-8"?>
<Project ToolsVersion="4.0" xmlns="http://schemas.microsoft.com/developer/msbuild/2003">
  <ItemGroup>
    <ClCompile Include="dllmain.cpp" />
    <ClCompile Include="process_mamager.cpp" />
    <ClCompile Include="utils.cpp" />
    <ClCompile Include="imgui\imgui.cpp">
      <Filter>imgui</Filter>
    </ClCompile>
    <ClCompile Include="imgui\imgui_demo.cpp">
      <Filter>imgui</Filter>
    </ClCompile>
    <ClCompile Include="imgui\imgui_draw.cpp">
      <Filter>imgui</Filter>
    </ClCompile>
    <ClCompile Include="imgui\imgui_impl_dx11.cpp">
      <Filter>imgui</Filter>
    </ClCompile>
    <ClCompile Include="imgui\imgui_impl_dx12.cpp">
      <Filter>imgui</Filter>
    </ClCompile>
    <ClCompile Include="imgui\imgui_impl_win32.cpp">
      <Filter>imgui</Filter>
    </ClCompile>
    <ClCompile Include="imgui\imgui_tables.cpp">
      <Filter>imgui</Filter>
    </ClCompile>
    <ClCompile Include="imgui\imgui_widgets.cpp">
      <Filter>imgui</Filter>
    </ClCompile>
    <ClCompile Include="hook\dx11hook.cpp">
      <Filter>hook</Filter>
    </ClCompile>
    <ClCompile Include="main.cpp" />
    <ClCompile Include="hook\dx9hook.cpp">
      <Filter>hook</Filter>
    </ClCompile>
    <ClCompile Include="imgui\imgui_impl_dx9.cpp">
      <Filter>imgui</Filter>
    </ClCompile>
    <ClCompile Include="hook\dx12hook.cpp">
      <Filter>hook</Filter>
    </ClCompile>
  </ItemGroup>
  <ItemGroup>
    <ClInclude Include="process_mamager.h" />
    <ClInclude Include="thread.h" />
    <ClInclude Include="utils.h" />
    <ClInclude Include="imgui\imconfig.h">
      <Filter>imgui</Filter>
    </ClInclude>
    <ClInclude Include="imgui\imgui.h">
      <Filter>imgui</Filter>
    </ClInclude>
    <ClInclude Include="imgui\imgui_impl_dx11.h">
      <Filter>imgui</Filter>
    </ClInclude>
    <ClInclude Include="imgui\imgui_impl_dx12.h">
      <Filter>imgui</Filter>
    </ClInclude>
    <ClInclude Include="imgui\imgui_impl_win32.h">
      <Filter>imgui</Filter>
    </ClInclude>
    <ClInclude Include="imgui\imgui_internal.h">
      <Filter>imgui</Filter>
    </ClInclude>
    <ClInclude Include="imgui\imstb_rectpack.h">
      <Filter>imgui</Filter>
    </ClInclude>
    <ClInclude Include="imgui\imstb_textedit.h">
      <Filter>imgui</Filter>
    </ClInclude>
    <ClInclude Include="imgui\imstb_truetype.h">
      <Filter>imgui</Filter>
    </ClInclude>
    <ClInclude Include="hook\Detours\detours.h">
      <Filter>hook\Detours</Filter>
    </ClInclude>
    <ClInclude Include="hook\Detours\detver.h">
      <Filter>hook\Detours</Filter>
    </ClInclude>
    <ClInclude Include="hook\Detours\syelog.h">
      <Filter>hook\Detours</Filter>
    </ClInclude>
    <ClInclude Include="hook\dx11hook.h">
      <Filter>hook</Filter>
    </ClInclude>
    <ClInclude Include="log.h" />
    <ClInclude Include="hook\dx9hook.h">
      <Filter>hook</Filter>
    </ClInclude>
    <ClInclude Include="imgui\imgui_impl_dx9.h">
      <Filter>imgui</Filter>
    </ClInclude>
    <ClInclude Include="hook\dx12hook.h">
      <Filter>hook</Filter>
    </ClInclude>
  </ItemGroup>
  <ItemGroup>
    <Filter Include="hook">
      <UniqueIdentifier>{e6ead51a-713f-4738-99c2-e5a03f259a2a}</UniqueIdentifier>
    </Filter>
    <Filter Include="imgui">
      <UniqueIdentifier>{c1f46070-c2a6-4fb6-a078-228b2b81d8a9}</UniqueIdentifier>
    </Filter>
    <Filter Include="hook\Detours">
      <UniqueIdentifier>{dfd91a21-113e-4008-bc06-1c0cf0de9ad8}</UniqueIdentifier>
    </Filter>
  </ItemGroup>
</Project>