
Microsoft Visual Studio Solution File, Format Version 10.00
# Visual Studio 2008
Project("{8BC9CEB8-8B4A-11D0-8D11-00A0C91BC942}") = "sdf.win32", "sdf.win32.vcproj", "{5349A271-A2BF-42E4-AF63-3E07E503DDBB}"
EndProject
Global
	GlobalSection(SolutionConfigurationPlatforms) = preSolution
		Debug|Win32 = Debug|Win32
		Release|Win32 = Release|Win32
	EndGlobalSection
	GlobalSection(ProjectConfigurationPlatforms) = postSolution
		{5349A271-A2BF-42E4-AF63-3E07E503DDBB}.Debug|Win32.ActiveCfg = Debug|Win32
		{5349A271-A2BF-42E4-AF63-3E07E503DDBB}.Debug|Win32.Build.0 = Debug|Win32
		{5349A271-A2BF-42E4-AF63-3E07E503DDBB}.Release|Win32.ActiveCfg = Release|Win32
		{5349A271-A2BF-42E4-AF63-3E07E503DDBB}.Release|Win32.Build.0 = Release|Win32
	EndGlobalSection
	GlobalSection(SolutionProperties) = preSolution
		HideSolutionNode = FALSE
	EndGlobalSection
EndGlobal
