
Microsoft Visual Studio Solution File, Format Version 9.00
# Visual Studio 2005
Project("{8BC9CEB8-8B4A-11D0-8D11-00A0C91BC942}") = "Test", "Test.vcproj", "{141218C0-BDC5-4618-8F3E-F792A66D06FB}"
EndProject
Global
	GlobalSection(SolutionConfigurationPlatforms) = preSolution
		Debug|Win32 = Debug|Win32
		Release|Win32 = Release|Win32
	EndGlobalSection
	GlobalSection(ProjectConfigurationPlatforms) = postSolution
		{141218C0-BDC5-4618-8F3E-F792A66D06FB}.Debug|Win32.ActiveCfg = Debug|Win32
		{141218C0-BDC5-4618-8F3E-F792A66D06FB}.Debug|Win32.Build.0 = Debug|Win32
		{141218C0-BDC5-4618-8F3E-F792A66D06FB}.Release|Win32.ActiveCfg = Release|Win32
		{141218C0-BDC5-4618-8F3E-F792A66D06FB}.Release|Win32.Build.0 = Release|Win32
	EndGlobalSection
	GlobalSection(SolutionProperties) = preSolution
		HideSolutionNode = FALSE
	EndGlobalSection
EndGlobal
