
Microsoft Visual Studio Solution File, Format Version 9.00
# Visual Studio 2005
Project("{8BC9CEB8-8B4A-11D0-8D11-00A0C91BC942}") = "1", "1.vcproj", "{942F6680-C6FB-42C2-B9E1-DD0E22990845}"
EndProject
Global
	GlobalSection(SolutionConfigurationPlatforms) = preSolution
		Debug|Win32 = Debug|Win32
		Release|Win32 = Release|Win32
	EndGlobalSection
	GlobalSection(ProjectConfigurationPlatforms) = postSolution
		{942F6680-C6FB-42C2-B9E1-DD0E22990845}.Debug|Win32.ActiveCfg = Debug|Win32
		{942F6680-C6FB-42C2-B9E1-DD0E22990845}.Debug|Win32.Build.0 = Debug|Win32
		{942F6680-C6FB-42C2-B9E1-DD0E22990845}.Release|Win32.ActiveCfg = Release|Win32
		{942F6680-C6FB-42C2-B9E1-DD0E22990845}.Release|Win32.Build.0 = Release|Win32
	EndGlobalSection
	GlobalSection(SolutionProperties) = preSolution
		HideSolutionNode = FALSE
	EndGlobalSection
EndGlobal
