
Microsoft Visual Studio Solution File, Format Version 12.00
# Visual Studio 2012
Project("{8BC9CEB8-8B4A-11D0-8D11-00A0C91BC942}") = "重叠IO之事件对象通知", "重叠IO之事件对象通知\重叠IO之事件对象通知.vcxproj", "{7229E102-4FC4-430B-8AA8-16B13CBD5838}"
EndProject
Global
	GlobalSection(SolutionConfigurationPlatforms) = preSolution
		Debug|Win32 = Debug|Win32
		Release|Win32 = Release|Win32
	EndGlobalSection
	GlobalSection(ProjectConfigurationPlatforms) = postSolution
		{7229E102-4FC4-430B-8AA8-16B13CBD5838}.Debug|Win32.ActiveCfg = Debug|Win32
		{7229E102-4FC4-430B-8AA8-16B13CBD5838}.Debug|Win32.Build.0 = Debug|Win32
		{7229E102-4FC4-430B-8AA8-16B13CBD5838}.Release|Win32.ActiveCfg = Release|Win32
		{7229E102-4FC4-430B-8AA8-16B13CBD5838}.Release|Win32.Build.0 = Release|Win32
	EndGlobalSection
	GlobalSection(SolutionProperties) = preSolution
		HideSolutionNode = FALSE
	EndGlobalSection
EndGlobal
