
Microsoft Visual Studio Solution File, Format Version 12.00
# Visual Studio 2012
Project("{8BC9CEB8-8B4A-11D0-8D11-00A0C91BC942}") = "控制台客户端", "控制台客户端\控制台客户端.vcxproj", "{BA67A136-5298-4643-AC99-04E0808BB9C9}"
EndProject
Global
	GlobalSection(SolutionConfigurationPlatforms) = preSolution
		Debug|Win32 = Debug|Win32
		Release|Win32 = Release|Win32
	EndGlobalSection
	GlobalSection(ProjectConfigurationPlatforms) = postSolution
		{BA67A136-5298-4643-AC99-04E0808BB9C9}.Debug|Win32.ActiveCfg = Debug|Win32
		{BA67A136-5298-4643-AC99-04E0808BB9C9}.Debug|Win32.Build.0 = Debug|Win32
		{BA67A136-5298-4643-AC99-04E0808BB9C9}.Release|Win32.ActiveCfg = Release|Win32
		{BA67A136-5298-4643-AC99-04E0808BB9C9}.Release|Win32.Build.0 = Release|Win32
	EndGlobalSection
	GlobalSection(SolutionProperties) = preSolution
		HideSolutionNode = FALSE
	EndGlobalSection
EndGlobal
