
Microsoft Visual Studio Solution File, Format Version 9.00
# Visual Studio 2005
Project("{8BC9CEB8-8B4A-11D0-8D11-00A0C91BC942}") = "Test1", "Test1.vcproj", "{149F683A-CC99-4169-9674-5C6EFC4D9744}"
EndProject
Global
	GlobalSection(SolutionConfigurationPlatforms) = preSolution
		Debug|Win32 = Debug|Win32
		Release|Win32 = Release|Win32
	EndGlobalSection
	GlobalSection(ProjectConfigurationPlatforms) = postSolution
		{149F683A-CC99-4169-9674-5C6EFC4D9744}.Debug|Win32.ActiveCfg = Debug|Win32
		{149F683A-CC99-4169-9674-5C6EFC4D9744}.Debug|Win32.Build.0 = Debug|Win32
		{149F683A-CC99-4169-9674-5C6EFC4D9744}.Release|Win32.ActiveCfg = Release|Win32
		{149F683A-CC99-4169-9674-5C6EFC4D9744}.Release|Win32.Build.0 = Release|Win32
	EndGlobalSection
	GlobalSection(SolutionProperties) = preSolution
		HideSolutionNode = FALSE
	EndGlobalSection
EndGlobal
